// !$*UTF8*$!
{
	archiveVersion = 1;
	classes = {
	};
	objectVersion = 56;
	objects = {

/* Begin PBXBuildFile section */
		4E7EF19029C5C12300FCDB85 /* AppDelegate.swift in Sources */ = {isa = PBXBuildFile; fileRef = 4E7EF18F29C5C12300FCDB85 /* AppDelegate.swift */; };
		4E7EF19229C5C12300FCDB85 /* SceneDelegate.swift in Sources */ = {isa = PBXBuildFile; fileRef = 4E7EF19129C5C12300FCDB85 /* SceneDelegate.swift */; };
		4E7EF19429C5C12300FCDB85 /* NotesTableViewController.swift in Sources */ = {isa = PBXBuildFile; fileRef = 4E7EF19329C5C12300FCDB85 /* NotesTableViewController.swift */; };
		4E7EF19929C5C12400FCDB85 /* Assets.xcassets in Resources */ = {isa = PBXBuildFile; fileRef = 4E7EF19829C5C12400FCDB85 /* Assets.xcassets */; };
		4E7EF19C29C5C12400FCDB85 /* LaunchScreen.storyboard in Resources */ = {isa = PBXBuildFile; fileRef = 4E7EF19A29C5C12400FCDB85 /* LaunchScreen.storyboard */; };
		4E7EF1A529C5C44100FCDB85 /* note.swift in Sources */ = {isa = PBXBuildFile; fileRef = 4E7EF1A429C5C44100FCDB85 /* note.swift */; };
		4E7EF1AB29C7746D00FCDB85 /* note.xcdatamodeld in Sources */ = {isa = PBXBuildFile; fileRef = 4E7EF1A929C7746D00FCDB85 /* note.xcdatamodeld */; };
		4E7EF1AE29C7754600FCDB85 /* CoreDataManager.swift in Sources */ = {isa = PBXBuildFile; fileRef = 4E7EF1AD29C7754600FCDB85 /* CoreDataManager.swift */; };
		4E7EF1B329C7EF5E00FCDB85 /* NoteTableViewCell.swift in Sources */ = {isa = PBXBuildFile; fileRef = 4E7EF1B229C7EF5E00FCDB85 /* NoteTableViewCell.swift */; };
		4E7EF1B729C81B1300FCDB85 /* NoteViewController.swift in Sources */ = {isa = PBXBuildFile; fileRef = 4E7EF1B629C81B1300FCDB85 /* NoteViewController.swift */; };
/* End PBXBuildFile section */

/* Begin PBXFileReference section */
		4E7EF18C29C5C12300FCDB85 /* notes.app */ = {isa = PBXFileReference; explicitFileType = wrapper.application; includeInIndex = 0; path = notes.app; sourceTree = BUILT_PRODUCTS_DIR; };
		4E7EF18F29C5C12300FCDB85 /* AppDelegate.swift */ = {isa = PBXFileReference; lastKnownFileType = sourcecode.swift; path = AppDelegate.swift; sourceTree = "<group>"; };
		4E7EF19129C5C12300FCDB85 /* SceneDelegate.swift */ = {isa = PBXFileReference; lastKnownFileType = sourcecode.swift; path = SceneDelegate.swift; sourceTree = "<group>"; };
		4E7EF19329C5C12300FCDB85 /* NotesTableViewController.swift */ = {isa = PBXFileReference; lastKnownFileType = sourcecode.swift; path = NotesTableViewController.swift; sourceTree = "<group>"; };
		4E7EF19829C5C12400FCDB85 /* Assets.xcassets */ = {isa = PBXFileReference; lastKnownFileType = folder.assetcatalog; path = Assets.xcassets; sourceTree = "<group>"; };
		4E7EF19B29C5C12400FCDB85 /* Base */ = {isa = PBXFileReference; lastKnownFileType = file.storyboard; name = Base; path = Base.lproj/LaunchScreen.storyboard; sourceTree = "<group>"; };
		4E7EF19D29C5C12400FCDB85 /* Info.plist */ = {isa = PBXFileReference; lastKnownFileType = text.plist.xml; path = Info.plist; sourceTree = "<group>"; };
		4E7EF1A429C5C44100FCDB85 /* note.swift */ = {isa = PBXFileReference; lastKnownFileType = sourcecode.swift; path = note.swift; sourceTree = "<group>"; };
		4E7EF1AA29C7746D00FCDB85 /* note.xcdatamodel */ = {isa = PBXFileReference; lastKnownFileType = wrapper.xcdatamodel; path = note.xcdatamodel; sourceTree = "<group>"; };
		4E7EF1AD29C7754600FCDB85 /* CoreDataManager.swift */ = {isa = PBXFileReference; lastKnownFileType = sourcecode.swift; path = CoreDataManager.swift; sourceTree = "<group>"; };
		4E7EF1B229C7EF5E00FCDB85 /* NoteTableViewCell.swift */ = {isa = PBXFileReference; lastKnownFileType = sourcecode.swift; path = NoteTableViewCell.swift; sourceTree = "<group>"; };
		4E7EF1B629C81B1300FCDB85 /* NoteViewController.swift */ = {isa = PBXFileReference; lastKnownFileType = sourcecode.swift; path = NoteViewController.swift; sourceTree = "<group>"; };
/* End PBXFileReference section */

/* Begin PBXFrameworksBuildPhase section */
		4E7EF18929C5C12300FCDB85 /* Frameworks */ = {
			isa = PBXFrameworksBuildPhase;
			buildActionMask = 2147483647;
			files = (
			);
			runOnlyForDeploymentPostprocessing = 0;
		};
/* End PBXFrameworksBuildPhase section */

/* Begin PBXGroup section */
		4E7EF18329C5C12300FCDB85 = {
			isa = PBXGroup;
			children = (
				4E7EF18E29C5C12300FCDB85 /* notes */,
				4E7EF18D29C5C12300FCDB85 /* Products */,
			);
			sourceTree = "<group>";
		};
		4E7EF18D29C5C12300FCDB85 /* Products */ = {
			isa = PBXGroup;
			children = (
				4E7EF18C29C5C12300FCDB85 /* notes.app */,
			);
			name = Products;
			sourceTree = "<group>";
		};
		4E7EF18E29C5C12300FCDB85 /* notes */ = {
			isa = PBXGroup;
			children = (
				4E7EF1AF29C7EC6200FCDB85 /* Application */,
				4E7EF1AC29C774C000FCDB85 /* Core Data */,
				4E7EF1A329C5C40500FCDB85 /* Models */,
				4E7EF1B129C7EEA700FCDB85 /* Controllers */,
				4E7EF1B029C7EC7A00FCDB85 /* Resources */,
			);
			path = notes;
			sourceTree = "<group>";
		};
		4E7EF1A329C5C40500FCDB85 /* Models */ = {
			isa = PBXGroup;
			children = (
				4E7EF1A429C5C44100FCDB85 /* note.swift */,
				4E7EF1A929C7746D00FCDB85 /* note.xcdatamodeld */,
			);
			path = Models;
			sourceTree = "<group>";
		};
		4E7EF1AC29C774C000FCDB85 /* Core Data */ = {
			isa = PBXGroup;
			children = (
				4E7EF1AD29C7754600FCDB85 /* CoreDataManager.swift */,
			);
			path = "Core Data";
			sourceTree = "<group>";
		};
		4E7EF1AF29C7EC6200FCDB85 /* Application */ = {
			isa = PBXGroup;
			children = (
				4E7EF18F29C5C12300FCDB85 /* AppDelegate.swift */,
				4E7EF19129C5C12300FCDB85 /* SceneDelegate.swift */,
			);
			path = Application;
			sourceTree = "<group>";
		};
		4E7EF1B029C7EC7A00FCDB85 /* Resources */ = {
			isa = PBXGroup;
			children = (
				4E7EF19829C5C12400FCDB85 /* Assets.xcassets */,
				4E7EF19D29C5C12400FCDB85 /* Info.plist */,
				4E7EF19A29C5C12400FCDB85 /* LaunchScreen.storyboard */,
			);
			path = Resources;
			sourceTree = "<group>";
		};
		4E7EF1B129C7EEA700FCDB85 /* Controllers */ = {
			isa = PBXGroup;
			children = (
				4E7EF1B529C7F00000FCDB85 /* NoteVC */,
				4E7EF1B429C7EFA900FCDB85 /* NotesTableVC */,
			);
			path = Controllers;
			sourceTree = "<group>";
		};
		4E7EF1B429C7EFA900FCDB85 /* NotesTableVC */ = {
			isa = PBXGroup;
			children = (
				4E7EF1B229C7EF5E00FCDB85 /* NoteTableViewCell.swift */,
				4E7EF19329C5C12300FCDB85 /* NotesTableViewController.swift */,
			);
			path = NotesTableVC;
			sourceTree = "<group>";
		};
		4E7EF1B529C7F00000FCDB85 /* NoteVC */ = {
			isa = PBXGroup;
			children = (
				4E7EF1B629C81B1300FCDB85 /* NoteViewController.swift */,
			);
			path = NoteVC;
			sourceTree = "<group>";
		};
/* End PBXGroup section */

/* Begin PBXNativeTarget section */
		4E7EF18B29C5C12300FCDB85 /* notes */ = {
			isa = PBXNativeTarget;
			buildConfigurationList = 4E7EF1A029C5C12400FCDB85 /* Build configuration list for PBXNativeTarget "notes" */;
			buildPhases = (
				4E7EF18829C5C12300FCDB85 /* Sources */,
				4E7EF18929C5C12300FCDB85 /* Frameworks */,
				4E7EF18A29C5C12300FCDB85 /* Resources */,
			);
			buildRules = (
			);
			dependencies = (
			);
			name = notes;
			productName = notes;
			productReference = 4E7EF18C29C5C12300FCDB85 /* notes.app */;
			productType = "com.apple.product-type.application";
		};
/* End PBXNativeTarget section */

/* Begin PBXProject section */
		4E7EF18429C5C12300FCDB85 /* Project object */ = {
			isa = PBXProject;
			attributes = {
				BuildIndependentTargetsInParallel = 1;
				LastSwiftUpdateCheck = 1420;
				LastUpgradeCheck = 1420;
				TargetAttributes = {
					4E7EF18B29C5C12300FCDB85 = {
						CreatedOnToolsVersion = 14.2;
					};
				};
			};
			buildConfigurationList = 4E7EF18729C5C12300FCDB85 /* Build configuration list for PBXProject "notes" */;
			compatibilityVersion = "Xcode 14.0";
			developmentRegion = en;
			hasScannedForEncodings = 0;
			knownRegions = (
				en,
				Base,
			);
			mainGroup = 4E7EF18329C5C12300FCDB85;
			productRefGroup = 4E7EF18D29C5C12300FCDB85 /* Products */;
			projectDirPath = "";
			projectRoot = "";
			targets = (
				4E7EF18B29C5C12300FCDB85 /* notes */,
			);
		};
/* End PBXProject section */

/* Begin PBXResourcesBuildPhase section */
		4E7EF18A29C5C12300FCDB85 /* Resources */ = {
			isa = PBXResourcesBuildPhase;
			buildActionMask = 2147483647;
			files = (
				4E7EF19C29C5C12400FCDB85 /* LaunchScreen.storyboard in Resources */,
				4E7EF19929C5C12400FCDB85 /* Assets.xcassets in Resources */,
			);
			runOnlyForDeploymentPostprocessing = 0;
		};
/* End PBXResourcesBuildPhase section */

/* Begin PBXSourcesBuildPhase section */
		4E7EF18829C5C12300FCDB85 /* Sources */ = {
			isa = PBXSourcesBuildPhase;
			buildActionMask = 2147483647;
			files = (
				4E7EF1B729C81B1300FCDB85 /* NoteViewController.swift in Sources */,
				4E7EF1AE29C7754600FCDB85 /* CoreDataManager.swift in Sources */,
				4E7EF19429C5C12300FCDB85 /* NotesTableViewController.swift in Sources */,
				4E7EF1AB29C7746D00FCDB85 /* note.xcdatamodeld in Sources */,
				4E7EF19029C5C12300FCDB85 /* AppDelegate.swift in Sources */,
				4E7EF19229C5C12300FCDB85 /* SceneDelegate.swift in Sources */,
				4E7EF1B329C7EF5E00FCDB85 /* NoteTableViewCell.swift in Sources */,
				4E7EF1A529C5C44100FCDB85 /* note.swift in Sources */,
			);
			runOnlyForDeploymentPostprocessing = 0;
		};
/* End PBXSourcesBuildPhase section */

/* Begin PBXVariantGroup section */
		4E7EF19A29C5C12400FCDB85 /* LaunchScreen.storyboard */ = {
			isa = PBXVariantGroup;
			children = (
				4E7EF19B29C5C12400FCDB85 /* Base */,
			);
			name = LaunchScreen.storyboard;
			sourceTree = "<group>";
		};
/* End PBXVariantGroup section */

/* Begin XCBuildConfiguration section */
		4E7EF19E29C5C12400FCDB85 /* Debug */ = {
			isa = XCBuildConfiguration;
			buildSettings = {
				ALWAYS_SEARCH_USER_PATHS = NO;
				CLANG_ANALYZER_NONNULL = YES;
				CLANG_ANALYZER_NUMBER_OBJECT_CONVERSION = YES_AGGRESSIVE;
				CLANG_CXX_LANGUAGE_STANDARD = "gnu++20";
				CLANG_ENABLE_MODULES = YES;
				CLANG_ENABLE_OBJC_ARC = YES;
				CLANG_ENABLE_OBJC_WEAK = YES;
				CLANG_WARN_BLOCK_CAPTURE_AUTORELEASING = YES;
				CLANG_WARN_BOOL_CONVERSION = YES;
				CLANG_WARN_COMMA = YES;
				CLANG_WARN_CONSTANT_CONVERSION = YES;
				CLANG_WARN_DEPRECATED_OBJC_IMPLEMENTATIONS = YES;
				CLANG_WARN_DIRECT_OBJC_ISA_USAGE = YES_ERROR;
				CLANG_WARN_DOCUMENTATION_COMMENTS = YES;
				CLANG_WARN_EMPTY_BODY = YES;
				CLANG_WARN_ENUM_CONVERSION = YES;
				CLANG_WARN_INFINITE_RECURSION = YES;
				CLANG_WARN_INT_CONVERSION = YES;
				CLANG_WARN_NON_LITERAL_NULL_CONVERSION = YES;
				CLANG_WARN_OBJC_IMPLICIT_RETAIN_SELF = YES;
				CLANG_WARN_OBJC_LITERAL_CONVERSION = YES;
				CLANG_WARN_OBJC_ROOT_CLASS = YES_ERROR;
				CLANG_WARN_QUOTED_INCLUDE_IN_FRAMEWORK_HEADER = YES;
				CLANG_WARN_RANGE_LOOP_ANALYSIS = YES;
				CLANG_WARN_STRICT_PROTOTYPES = YES;
				CLANG_WARN_SUSPICIOUS_MOVE = YES;
				CLANG_WARN_UNGUARDED_AVAILABILITY = YES_AGGRESSIVE;
				CLANG_WARN_UNREACHABLE_CODE = YES;
				CLANG_WARN__DUPLICATE_METHOD_MATCH = YES;
				COPY_PHASE_STRIP = NO;
				DEBUG_INFORMATION_FORMAT = dwarf;
				ENABLE_STRICT_OBJC_MSGSEND = YES;
				ENABLE_TESTABILITY = YES;
				GCC_C_LANGUAGE_STANDARD = gnu11;
				GCC_DYNAMIC_NO_PIC = NO;
				GCC_NO_COMMON_BLOCKS = YES;
				GCC_OPTIMIZATION_LEVEL = 0;
				GCC_PREPROCESSOR_DEFINITIONS = (
					"DEBUG=1",
					"$(inherited)",
				);
				GCC_WARN_64_TO_32_BIT_CONVERSION = YES;
				GCC_WARN_ABOUT_RETURN_TYPE = YES_ERROR;
				GCC_WARN_UNDECLARED_SELECTOR = YES;
				GCC_WARN_UNINITIALIZED_AUTOS = YES_AGGRESSIVE;
				GCC_WARN_UNUSED_FUNCTION = YES;
				GCC_WARN_UNUSED_VARIABLE = YES;
				IPHONEOS_DEPLOYMENT_TARGET = 16.2;
				MTL_ENABLE_DEBUG_INFO = INCLUDE_SOURCE;
				MTL_FAST_MATH = YES;
				ONLY_ACTIVE_ARCH = YES;
				SDKROOT = iphoneos;
				SWIFT_ACTIVE_COMPILATION_CONDITIONS = DEBUG;
				SWIFT_OPTIMIZATION_LEVEL = "-Onone";
			};
			name = Debug;
		};
		4E7EF19F29C5C12400FCDB85 /* Release */ = {
			isa = XCBuildConfiguration;
			buildSettings = {
				ALWAYS_SEARCH_USER_PATHS = NO;
				CLANG_ANALYZER_NONNULL = YES;
				CLANG_ANALYZER_NUMBER_OBJECT_CONVERSION = YES_AGGRESSIVE;
				CLANG_CXX_LANGUAGE_STANDARD = "gnu++20";
				CLANG_ENABLE_MODULES = YES;
				CLANG_ENABLE_OBJC_ARC = YES;
				CLANG_ENABLE_OBJC_WEAK = YES;
				CLANG_WARN_BLOCK_CAPTURE_AUTORELEASING = YES;
				CLANG_WARN_BOOL_CONVERSION = YES;
				CLANG_WARN_COMMA = YES;
				CLANG_WARN_CONSTANT_CONVERSION = YES;
				CLANG_WARN_DEPRECATED_OBJC_IMPLEMENTATIONS = YES;
				CLANG_WARN_DIRECT_OBJC_ISA_USAGE = YES_ERROR;
				CLANG_WARN_DOCUMENTATION_COMMENTS = YES;
				CLANG_WARN_EMPTY_BODY = YES;
				CLANG_WARN_ENUM_CONVERSION = YES;
				CLANG_WARN_INFINITE_RECURSION = YES;
				CLANG_WARN_INT_CONVERSION = YES;
				CLANG_WARN_NON_LITERAL_NULL_CONVERSION = YES;
				CLANG_WARN_OBJC_IMPLICIT_RETAIN_SELF = YES;
				CLANG_WARN_OBJC_LITERAL_CONVERSION = YES;
				CLANG_WARN_OBJC_ROOT_CLASS = YES_ERROR;
				CLANG_WARN_QUOTED_INCLUDE_IN_FRAMEWORK_HEADER = YES;
				CLANG_WARN_RANGE_LOOP_ANALYSIS = YES;
				CLANG_WARN_STRICT_PROTOTYPES = YES;
				CLANG_WARN_SUSPICIOUS_MOVE = YES;
				CLANG_WARN_UNGUARDED_AVAILABILITY = YES_AGGRESSIVE;
				CLANG_WARN_UNREACHABLE_CODE = YES;
				CLANG_WARN__DUPLICATE_METHOD_MATCH = YES;
				COPY_PHASE_STRIP = NO;
				DEBUG_INFORMATION_FORMAT = "dwarf-with-dsym";
				ENABLE_NS_ASSERTIONS = NO;
				ENABLE_STRICT_OBJC_MSGSEND = YES;
				GCC_C_LANGUAGE_STANDARD = gnu11;
				GCC_NO_COMMON_BLOCKS = YES;
				GCC_WARN_64_TO_32_BIT_CONVERSION = YES;
				GCC_WARN_ABOUT_RETURN_TYPE = YES_ERROR;
				GCC_WARN_UNDECLARED_SELECTOR = YES;
				GCC_WARN_UNINITIALIZED_AUTOS = YES_AGGRESSIVE;
				GCC_WARN_UNUSED_FUNCTION = YES;
				GCC_WARN_UNUSED_VARIABLE = YES;
				IPHONEOS_DEPLOYMENT_TARGET = 16.2;
				MTL_ENABLE_DEBUG_INFO = NO;
				MTL_FAST_MATH = YES;
				SDKROOT = iphoneos;
				SWIFT_COMPILATION_MODE = wholemodule;
				SWIFT_OPTIMIZATION_LEVEL = "-O";
				VALIDATE_PRODUCT = YES;
			};
			name = Release;
		};
		4E7EF1A129C5C12400FCDB85 /* Debug */ = {
			isa = XCBuildConfiguration;
			buildSettings = {
				ASSETCATALOG_COMPILER_APPICON_NAME = AppIcon;
				ASSETCATALOG_COMPILER_GLOBAL_ACCENT_COLOR_NAME = AccentColor;
				CODE_SIGN_STYLE = Automatic;
				CURRENT_PROJECT_VERSION = 1;
				GENERATE_INFOPLIST_FILE = YES;
				INFOPLIST_FILE = notes/Resources/Info.plist;
				INFOPLIST_KEY_UIApplicationSupportsIndirectInputEvents = YES;
				INFOPLIST_KEY_UILaunchStoryboardName = LaunchScreen;
				INFOPLIST_KEY_UISupportedInterfaceOrientations_iPad = "UIInterfaceOrientationPortrait UIInterfaceOrientationPortraitUpsideDown UIInterfaceOrientationLandscapeLeft UIInterfaceOrientationLandscapeRight";
				INFOPLIST_KEY_UISupportedInterfaceOrientations_iPhone = "UIInterfaceOrientationPortrait UIInterfaceOrientationLandscapeLeft UIInterfaceOrientationLandscapeRight";
				LD_RUNPATH_SEARCH_PATHS = (
					"$(inherited)",
					"@executable_path/Frameworks",
				);
				MARKETING_VERSION = 1.0;
				PRODUCT_BUNDLE_IDENTIFIER = pvlkzntsv.notes;
				PRODUCT_NAME = "$(TARGET_NAME)";
				SWIFT_EMIT_LOC_STRINGS = YES;
				SWIFT_VERSION = 5.0;
				TARGETED_DEVICE_FAMILY = "1,2";
			};
			name = Debug;
		};
		4E7EF1A229C5C12400FCDB85 /* Release */ = {
			isa = XCBuildConfiguration;
			buildSettings = {
				ASSETCATALOG_COMPILER_APPICON_NAME = AppIcon;
				ASSETCATALOG_COMPILER_GLOBAL_ACCENT_COLOR_NAME = AccentColor;
				CODE_SIGN_STYLE = Automatic;
				CURRENT_PROJECT_VERSION = 1;
				GENERATE_INFOPLIST_FILE = YES;
				INFOPLIST_FILE = notes/Resources/Info.plist;
				INFOPLIST_KEY_UIApplicationSupportsIndirectInputEvents = YES;
				INFOPLIST_KEY_UILaunchStoryboardName = LaunchScreen;
				INFOPLIST_KEY_UISupportedInterfaceOrientations_iPad = "UIInterfaceOrientationPortrait UIInterfaceOrientationPortraitUpsideDown UIInterfaceOrientationLandscapeLeft UIInterfaceOrientationLandscapeRight";
				INFOPLIST_KEY_UISupportedInterfaceOrientations_iPhone = "UIInterfaceOrientationPortrait UIInterfaceOrientationLandscapeLeft UIInterfaceOrientationLandscapeRight";
				LD_RUNPATH_SEARCH_PATHS = (
					"$(inherited)",
					"@executable_path/Frameworks",
				);
				MARKETING_VERSION = 1.0;
				PRODUCT_BUNDLE_IDENTIFIER = pvlkzntsv.notes;
				PRODUCT_NAME = "$(TARGET_NAME)";
				SWIFT_EMIT_LOC_STRINGS = YES;
				SWIFT_VERSION = 5.0;
				TARGETED_DEVICE_FAMILY = "1,2";
			};
			name = Release;
		};
/* End XCBuildConfiguration section */

/* Begin XCConfigurationList section */
		4E7EF18729C5C12300FCDB85 /* Build configuration list for PBXProject "notes" */ = {
			isa = XCConfigurationList;
			buildConfigurations = (
				4E7EF19E29C5C12400FCDB85 /* Debug */,
				4E7EF19F29C5C12400FCDB85 /* Release */,
			);
			defaultConfigurationIsVisible = 0;
			defaultConfigurationName = Release;
		};
		4E7EF1A029C5C12400FCDB85 /* Build configuration list for PBXNativeTarget "notes" */ = {
			isa = XCConfigurationList;
			buildConfigurations = (
				4E7EF1A129C5C12400FCDB85 /* Debug */,
				4E7EF1A229C5C12400FCDB85 /* Release */,
			);
			defaultConfigurationIsVisible = 0;
			defaultConfigurationName = Release;
		};
/* End XCConfigurationList section */

/* Begin XCVersionGroup section */
		4E7EF1A929C7746D00FCDB85 /* note.xcdatamodeld */ = {
			isa = XCVersionGroup;
			children = (
				4E7EF1AA29C7746D00FCDB85 /* note.xcdatamodel */,
			);
			currentVersion = 4E7EF1AA29C7746D00FCDB85 /* note.xcdatamodel */;
			path = note.xcdatamodeld;
			sourceTree = "<group>";
			versionGroupType = wrapper.xcdatamodel;
		};
/* End XCVersionGroup section */
	};
	rootObject = 4E7EF18429C5C12300FCDB85 /* Project object */;
}
